
Microsoft Visual Studio Solution File, Format Version 12.00
# Visual Studio Version 17
VisualStudioVersion = 17.2.32616.157
MinimumVisualStudioVersion = 10.0.40219.1
Project("{FAE04EC0-301F-11D3-BF4B-00C04F79EFBC}") = "asp_full_stack_api", "asp_full_stack_api\asp_full_stack_api.csproj", "{0AA7D75D-6E0C-405F-8B4A-27B0BB54546E}"
EndProject
Global
	GlobalSection(SolutionConfigurationPlatforms) = preSolution
		Debug|Any CPU = Debug|Any CPU
		Release|Any CPU = Release|Any CPU
	EndGlobalSection
	GlobalSection(ProjectConfigurationPlatforms) = postSolution
		{0AA7D75D-6E0C-405F-8B4A-27B0BB54546E}.Debug|Any CPU.ActiveCfg = Debug|Any CPU
		{0AA7D75D-6E0C-405F-8B4A-27B0BB54546E}.Debug|Any CPU.Build.0 = Debug|Any CPU
		{0AA7D75D-6E0C-405F-8B4A-27B0BB54546E}.Release|Any CPU.ActiveCfg = Release|Any CPU
		{0AA7D75D-6E0C-405F-8B4A-27B0BB54546E}.Release|Any CPU.Build.0 = Release|Any CPU
	EndGlobalSection
	GlobalSection(SolutionProperties) = preSolution
		HideSolutionNode = FALSE
	EndGlobalSection
	GlobalSection(ExtensibilityGlobals) = postSolution
		SolutionGuid = {F3AFA190-335C-4B20-A538-C6B1C4BABF58}
	EndGlobalSection
EndGlobal
